// !$*UTF8*$!
{
	archiveVersion = 1;
	classes = {
	};
	objectVersion = 48;
	objects = {

/* Begin PBXBuildFile section */
		1220DA1CD5677A492E4901B6 /* Pods_CryptoMonitor.framework in Frameworks */ = {isa = PBXBuildFile; fileRef = 46516DA2E7F1ED56759FF7AC /* Pods_CryptoMonitor.framework */; };
		7C5287501FE1413B00B885B7 /* Reachability.swift in Sources */ = {isa = PBXBuildFile; fileRef = 7C52874F1FE1413B00B885B7 /* Reachability.swift */; };
		7C5287551FE14B3F00B885B7 /* NetworkService.swift in Sources */ = {isa = PBXBuildFile; fileRef = 7C5287541FE14B3F00B885B7 /* NetworkService.swift */; };
		7C79F7261FE1289F008874D6 /* AboutAppViewController.swift in Sources */ = {isa = PBXBuildFile; fileRef = 7C79F7241FE1289F008874D6 /* AboutAppViewController.swift */; };
		7C79F7271FE1289F008874D6 /* AboutAppViewController.xib in Resources */ = {isa = PBXBuildFile; fileRef = 7C79F7251FE1289F008874D6 /* AboutAppViewController.xib */; };
		7C79F72A1FE12F8F008874D6 /* CoinsListViewController.swift in Sources */ = {isa = PBXBuildFile; fileRef = 7C79F7281FE12F8F008874D6 /* CoinsListViewController.swift */; };
		7C79F72B1FE12F8F008874D6 /* CoinsListViewController.xib in Resources */ = {isa = PBXBuildFile; fileRef = 7C79F7291FE12F8F008874D6 /* CoinsListViewController.xib */; };
		7CB7093C1FDFF403009E73F9 /* AppDelegate.swift in Sources */ = {isa = PBXBuildFile; fileRef = 7CB7093B1FDFF403009E73F9 /* AppDelegate.swift */; };
		7CB709441FDFF403009E73F9 /* CryptoMonitor.xcdatamodeld in Sources */ = {isa = PBXBuildFile; fileRef = 7CB709421FDFF403009E73F9 /* CryptoMonitor.xcdatamodeld */; };
		7CB709461FDFF403009E73F9 /* Assets.xcassets in Resources */ = {isa = PBXBuildFile; fileRef = 7CB709451FDFF403009E73F9 /* Assets.xcassets */; };
		7CB709491FDFF403009E73F9 /* LaunchScreen.storyboard in Resources */ = {isa = PBXBuildFile; fileRef = 7CB709471FDFF403009E73F9 /* LaunchScreen.storyboard */; };
		7CB709541FDFF404009E73F9 /* CryptoMonitorTests.swift in Sources */ = {isa = PBXBuildFile; fileRef = 7CB709531FDFF404009E73F9 /* CryptoMonitorTests.swift */; };
		7CB709741FE02238009E73F9 /* MainViewController.swift in Sources */ = {isa = PBXBuildFile; fileRef = 7CB709721FE02238009E73F9 /* MainViewController.swift */; };
		7CB7097F1FE02E73009E73F9 /* TopPairsViewController.swift in Sources */ = {isa = PBXBuildFile; fileRef = 7CB7097D1FE02E73009E73F9 /* TopPairsViewController.swift */; };
		7CB709801FE02E73009E73F9 /* TopPairsViewController.xib in Resources */ = {isa = PBXBuildFile; fileRef = 7CB7097E1FE02E73009E73F9 /* TopPairsViewController.xib */; };
		7CB709841FE02EB2009E73F9 /* EquipmentViewController.swift in Sources */ = {isa = PBXBuildFile; fileRef = 7CB709821FE02EB2009E73F9 /* EquipmentViewController.swift */; };
		7CB709851FE02EB2009E73F9 /* EquipmentViewController.xib in Resources */ = {isa = PBXBuildFile; fileRef = 7CB709831FE02EB2009E73F9 /* EquipmentViewController.xib */; };
/* End PBXBuildFile section */

/* Begin PBXContainerItemProxy section */
		7CB709501FDFF404009E73F9 /* PBXContainerItemProxy */ = {
			isa = PBXContainerItemProxy;
			containerPortal = 7CB709301FDFF403009E73F9 /* Project object */;
			proxyType = 1;
			remoteGlobalIDString = 7CB709371FDFF403009E73F9;
			remoteInfo = CryptoMonitor;
		};
/* End PBXContainerItemProxy section */

/* Begin PBXFileReference section */
		40B998CD5F1FD0C8889DC127 /* Pods-CryptoMonitor.release.xcconfig */ = {isa = PBXFileReference; includeInIndex = 1; lastKnownFileType = text.xcconfig; name = "Pods-CryptoMonitor.release.xcconfig"; path = "Pods/Target Support Files/Pods-CryptoMonitor/Pods-CryptoMonitor.release.xcconfig"; sourceTree = "<group>"; };
		46516DA2E7F1ED56759FF7AC /* Pods_CryptoMonitor.framework */ = {isa = PBXFileReference; explicitFileType = wrapper.framework; includeInIndex = 0; path = Pods_CryptoMonitor.framework; sourceTree = BUILT_PRODUCTS_DIR; };
		7C52874F1FE1413B00B885B7 /* Reachability.swift */ = {isa = PBXFileReference; lastKnownFileType = sourcecode.swift; path = Reachability.swift; sourceTree = "<group>"; };
		7C5287541FE14B3F00B885B7 /* NetworkService.swift */ = {isa = PBXFileReference; lastKnownFileType = sourcecode.swift; path = NetworkService.swift; sourceTree = "<group>"; };
		7C79F7241FE1289F008874D6 /* AboutAppViewController.swift */ = {isa = PBXFileReference; lastKnownFileType = sourcecode.swift; path = AboutAppViewController.swift; sourceTree = "<group>"; };
		7C79F7251FE1289F008874D6 /* AboutAppViewController.xib */ = {isa = PBXFileReference; lastKnownFileType = file.xib; path = AboutAppViewController.xib; sourceTree = "<group>"; };
		7C79F7281FE12F8F008874D6 /* CoinsListViewController.swift */ = {isa = PBXFileReference; lastKnownFileType = sourcecode.swift; path = CoinsListViewController.swift; sourceTree = "<group>"; };
		7C79F7291FE12F8F008874D6 /* CoinsListViewController.xib */ = {isa = PBXFileReference; lastKnownFileType = file.xib; path = CoinsListViewController.xib; sourceTree = "<group>"; };
		7CB709381FDFF403009E73F9 /* CryptoMonitor.app */ = {isa = PBXFileReference; explicitFileType = wrapper.application; includeInIndex = 0; path = CryptoMonitor.app; sourceTree = BUILT_PRODUCTS_DIR; };
		7CB7093B1FDFF403009E73F9 /* AppDelegate.swift */ = {isa = PBXFileReference; lastKnownFileType = sourcecode.swift; path = AppDelegate.swift; sourceTree = "<group>"; };
		7CB709431FDFF403009E73F9 /* CryptoMonitor.xcdatamodel */ = {isa = PBXFileReference; lastKnownFileType = wrapper.xcdatamodel; path = CryptoMonitor.xcdatamodel; sourceTree = "<group>"; };
		7CB709451FDFF403009E73F9 /* Assets.xcassets */ = {isa = PBXFileReference; lastKnownFileType = folder.assetcatalog; path = Assets.xcassets; sourceTree = "<group>"; };
		7CB709481FDFF403009E73F9 /* Base */ = {isa = PBXFileReference; lastKnownFileType = file.storyboard; name = Base; path = Base.lproj/LaunchScreen.storyboard; sourceTree = "<group>"; };
		7CB7094A1FDFF403009E73F9 /* Info.plist */ = {isa = PBXFileReference; lastKnownFileType = text.plist.xml; path = Info.plist; sourceTree = "<group>"; };
		7CB7094F1FDFF404009E73F9 /* CryptoMonitorTests.xctest */ = {isa = PBXFileReference; explicitFileType = wrapper.cfbundle; includeInIndex = 0; path = CryptoMonitorTests.xctest; sourceTree = BUILT_PRODUCTS_DIR; };
		7CB709531FDFF404009E73F9 /* CryptoMonitorTests.swift */ = {isa = PBXFileReference; lastKnownFileType = sourcecode.swift; path = CryptoMonitorTests.swift; sourceTree = "<group>"; };
		7CB709551FDFF404009E73F9 /* Info.plist */ = {isa = PBXFileReference; lastKnownFileType = text.plist.xml; path = Info.plist; sourceTree = "<group>"; };
		7CB709721FE02238009E73F9 /* MainViewController.swift */ = {isa = PBXFileReference; lastKnownFileType = sourcecode.swift; path = MainViewController.swift; sourceTree = "<group>"; };
		7CB7097D1FE02E73009E73F9 /* TopPairsViewController.swift */ = {isa = PBXFileReference; lastKnownFileType = sourcecode.swift; path = TopPairsViewController.swift; sourceTree = "<group>"; };
		7CB7097E1FE02E73009E73F9 /* TopPairsViewController.xib */ = {isa = PBXFileReference; lastKnownFileType = file.xib; path = TopPairsViewController.xib; sourceTree = "<group>"; };
		7CB709821FE02EB2009E73F9 /* EquipmentViewController.swift */ = {isa = PBXFileReference; lastKnownFileType = sourcecode.swift; path = EquipmentViewController.swift; sourceTree = "<group>"; };
		7CB709831FE02EB2009E73F9 /* EquipmentViewController.xib */ = {isa = PBXFileReference; lastKnownFileType = file.xib; path = EquipmentViewController.xib; sourceTree = "<group>"; };
		C22835E611C33F5B6F4D5D95 /* Pods-CryptoMonitor.debug.xcconfig */ = {isa = PBXFileReference; includeInIndex = 1; lastKnownFileType = text.xcconfig; name = "Pods-CryptoMonitor.debug.xcconfig"; path = "Pods/Target Support Files/Pods-CryptoMonitor/Pods-CryptoMonitor.debug.xcconfig"; sourceTree = "<group>"; };
		D93C0D0C5B8D2A98ADDC4A94 /* Pods_CryptoMonitorTests.framework */ = {isa = PBXFileReference; explicitFileType = wrapper.framework; includeInIndex = 0; path = Pods_CryptoMonitorTests.framework; sourceTree = BUILT_PRODUCTS_DIR; };
/* End PBXFileReference section */

/* Begin PBXFrameworksBuildPhase section */
		7CB709351FDFF403009E73F9 /* Frameworks */ = {
			isa = PBXFrameworksBuildPhase;
			buildActionMask = 2147483647;
			files = (
				1220DA1CD5677A492E4901B6 /* Pods_CryptoMonitor.framework in Frameworks */,
			);
			runOnlyForDeploymentPostprocessing = 0;
		};
		7CB7094C1FDFF404009E73F9 /* Frameworks */ = {
			isa = PBXFrameworksBuildPhase;
			buildActionMask = 2147483647;
			files = (
			);
			runOnlyForDeploymentPostprocessing = 0;
		};
/* End PBXFrameworksBuildPhase section */

/* Begin PBXGroup section */
		7C52874E1FE1412100B885B7 /* Tools */ = {
			isa = PBXGroup;
			children = (
				7C52874F1FE1413B00B885B7 /* Reachability.swift */,
			);
			path = Tools;
			sourceTree = "<group>";
		};
		7C5287531FE14B2300B885B7 /* Network */ = {
			isa = PBXGroup;
			children = (
				7C5287541FE14B3F00B885B7 /* NetworkService.swift */,
			);
			path = Network;
			sourceTree = "<group>";
		};
		7C79F7231FE1285E008874D6 /* About */ = {
			isa = PBXGroup;
			children = (
				7C79F7241FE1289F008874D6 /* AboutAppViewController.swift */,
				7C79F7251FE1289F008874D6 /* AboutAppViewController.xib */,
			);
			path = About;
			sourceTree = "<group>";
		};
		7CB7092F1FDFF403009E73F9 = {
			isa = PBXGroup;
			children = (
				7CB7093A1FDFF403009E73F9 /* CryptoMonitor */,
				7CB709521FDFF404009E73F9 /* CryptoMonitorTests */,
				7CB709391FDFF403009E73F9 /* Products */,
				C4EF1336888182B521288169 /* Pods */,
				C97BCA15CDBF713E171739E0 /* Frameworks */,
			);
			sourceTree = "<group>";
		};
		7CB709391FDFF403009E73F9 /* Products */ = {
			isa = PBXGroup;
			children = (
				7CB709381FDFF403009E73F9 /* CryptoMonitor.app */,
				7CB7094F1FDFF404009E73F9 /* CryptoMonitorTests.xctest */,
			);
			name = Products;
			sourceTree = "<group>";
		};
		7CB7093A1FDFF403009E73F9 /* CryptoMonitor */ = {
			isa = PBXGroup;
			children = (
				7C5287531FE14B2300B885B7 /* Network */,
				7C52874E1FE1412100B885B7 /* Tools */,
				7CB709691FE0094C009E73F9 /* Support Files */,
				7CB709661FE00171009E73F9 /* VCs */,
				7CB709651FE00150009E73F9 /* Model */,
			);
			path = CryptoMonitor;
			sourceTree = "<group>";
		};
		7CB709521FDFF404009E73F9 /* CryptoMonitorTests */ = {
			isa = PBXGroup;
			children = (
				7CB709531FDFF404009E73F9 /* CryptoMonitorTests.swift */,
				7CB709551FDFF404009E73F9 /* Info.plist */,
			);
			path = CryptoMonitorTests;
			sourceTree = "<group>";
		};
		7CB709651FE00150009E73F9 /* Model */ = {
			isa = PBXGroup;
			children = (
			);
			path = Model;
			sourceTree = "<group>";
		};
		7CB709661FE00171009E73F9 /* VCs */ = {
			isa = PBXGroup;
			children = (
				7C79F7231FE1285E008874D6 /* About */,
				7CB709811FE02E9E009E73F9 /* Equipment */,
				7CB7097C1FE02E5A009E73F9 /* TopPairs */,
				7CB709771FE026E4009E73F9 /* CoinsList */,
				7CB709761FE026A4009E73F9 /* Main */,
			);
			path = VCs;
			sourceTree = "<group>";
		};
		7CB709691FE0094C009E73F9 /* Support Files */ = {
			isa = PBXGroup;
			children = (
				7CB709421FDFF403009E73F9 /* CryptoMonitor.xcdatamodeld */,
				7CB7093B1FDFF403009E73F9 /* AppDelegate.swift */,
				7CB709451FDFF403009E73F9 /* Assets.xcassets */,
				7CB709471FDFF403009E73F9 /* LaunchScreen.storyboard */,
				7CB7094A1FDFF403009E73F9 /* Info.plist */,
			);
			name = "Support Files";
			sourceTree = "<group>";
		};
		7CB709761FE026A4009E73F9 /* Main */ = {
			isa = PBXGroup;
			children = (
				7CB709721FE02238009E73F9 /* MainViewController.swift */,
			);
			path = Main;
			sourceTree = "<group>";
		};
		7CB709771FE026E4009E73F9 /* CoinsList */ = {
			isa = PBXGroup;
			children = (
				7C79F7281FE12F8F008874D6 /* CoinsListViewController.swift */,
				7C79F7291FE12F8F008874D6 /* CoinsListViewController.xib */,
			);
			path = CoinsList;
			sourceTree = "<group>";
		};
		7CB7097C1FE02E5A009E73F9 /* TopPairs */ = {
			isa = PBXGroup;
			children = (
				7CB7097D1FE02E73009E73F9 /* TopPairsViewController.swift */,
				7CB7097E1FE02E73009E73F9 /* TopPairsViewController.xib */,
			);
			path = TopPairs;
			sourceTree = "<group>";
		};
		7CB709811FE02E9E009E73F9 /* Equipment */ = {
			isa = PBXGroup;
			children = (
				7CB709821FE02EB2009E73F9 /* EquipmentViewController.swift */,
				7CB709831FE02EB2009E73F9 /* EquipmentViewController.xib */,
			);
			path = Equipment;
			sourceTree = "<group>";
		};
		C4EF1336888182B521288169 /* Pods */ = {
			isa = PBXGroup;
			children = (
				C22835E611C33F5B6F4D5D95 /* Pods-CryptoMonitor.debug.xcconfig */,
				40B998CD5F1FD0C8889DC127 /* Pods-CryptoMonitor.release.xcconfig */,
			);
			name = Pods;
			sourceTree = "<group>";
		};
		C97BCA15CDBF713E171739E0 /* Frameworks */ = {
			isa = PBXGroup;
			children = (
				46516DA2E7F1ED56759FF7AC /* Pods_CryptoMonitor.framework */,
				D93C0D0C5B8D2A98ADDC4A94 /* Pods_CryptoMonitorTests.framework */,
			);
			name = Frameworks;
			sourceTree = "<group>";
		};
/* End PBXGroup section */

/* Begin PBXNativeTarget section */
		7CB709371FDFF403009E73F9 /* CryptoMonitor */ = {
			isa = PBXNativeTarget;
			buildConfigurationList = 7CB709581FDFF404009E73F9 /* Build configuration list for PBXNativeTarget "CryptoMonitor" */;
			buildPhases = (
				259E7AF4C8ACC1972D2B3F28 /* [CP] Check Pods Manifest.lock */,
				7CB709341FDFF403009E73F9 /* Sources */,
				7CB709351FDFF403009E73F9 /* Frameworks */,
				7CB709361FDFF403009E73F9 /* Resources */,
				0BB4283E7489125E86423D6E /* [CP] Embed Pods Frameworks */,
				0698EE455D0F6049C590B4D3 /* [CP] Copy Pods Resources */,
			);
			buildRules = (
			);
			dependencies = (
			);
			name = CryptoMonitor;
			productName = CryptoMonitor;
			productReference = 7CB709381FDFF403009E73F9 /* CryptoMonitor.app */;
			productType = "com.apple.product-type.application";
		};
		7CB7094E1FDFF404009E73F9 /* CryptoMonitorTests */ = {
			isa = PBXNativeTarget;
			buildConfigurationList = 7CB7095B1FDFF404009E73F9 /* Build configuration list for PBXNativeTarget "CryptoMonitorTests" */;
			buildPhases = (
				7CB7094B1FDFF404009E73F9 /* Sources */,
				7CB7094C1FDFF404009E73F9 /* Frameworks */,
				7CB7094D1FDFF404009E73F9 /* Resources */,
			);
			buildRules = (
			);
			dependencies = (
				7CB709511FDFF404009E73F9 /* PBXTargetDependency */,
			);
			name = CryptoMonitorTests;
			productName = CryptoMonitorTests;
			productReference = 7CB7094F1FDFF404009E73F9 /* CryptoMonitorTests.xctest */;
			productType = "com.apple.product-type.bundle.unit-test";
		};
/* End PBXNativeTarget section */

/* Begin PBXProject section */
		7CB709301FDFF403009E73F9 /* Project object */ = {
			isa = PBXProject;
			attributes = {
				LastSwiftUpdateCheck = 0920;
				LastUpgradeCheck = 0920;
				ORGANIZATIONNAME = "Serg Liamthev";
				TargetAttributes = {
					7CB709371FDFF403009E73F9 = {
						CreatedOnToolsVersion = 9.2;
						ProvisioningStyle = Automatic;
					};
					7CB7094E1FDFF404009E73F9 = {
						CreatedOnToolsVersion = 9.2;
						ProvisioningStyle = Automatic;
						TestTargetID = 7CB709371FDFF403009E73F9;
					};
				};
			};
			buildConfigurationList = 7CB709331FDFF403009E73F9 /* Build configuration list for PBXProject "CryptoMonitor" */;
			compatibilityVersion = "Xcode 8.0";
			developmentRegion = en;
			hasScannedForEncodings = 0;
			knownRegions = (
				en,
				Base,
			);
			mainGroup = 7CB7092F1FDFF403009E73F9;
			productRefGroup = 7CB709391FDFF403009E73F9 /* Products */;
			projectDirPath = "";
			projectRoot = "";
			targets = (
				7CB709371FDFF403009E73F9 /* CryptoMonitor */,
				7CB7094E1FDFF404009E73F9 /* CryptoMonitorTests */,
			);
		};
/* End PBXProject section */

/* Begin PBXResourcesBuildPhase section */
		7CB709361FDFF403009E73F9 /* Resources */ = {
			isa = PBXResourcesBuildPhase;
			buildActionMask = 2147483647;
			files = (
				7CB709801FE02E73009E73F9 /* TopPairsViewController.xib in Resources */,
				7CB709491FDFF403009E73F9 /* LaunchScreen.storyboard in Resources */,
				7C79F72B1FE12F8F008874D6 /* CoinsListViewController.xib in Resources */,
				7CB709851FE02EB2009E73F9 /* EquipmentViewController.xib in Resources */,
				7C79F7271FE1289F008874D6 /* AboutAppViewController.xib in Resources */,
				7CB709461FDFF403009E73F9 /* Assets.xcassets in Resources */,
			);
			runOnlyForDeploymentPostprocessing = 0;
		};
		7CB7094D1FDFF404009E73F9 /* Resources */ = {
			isa = PBXResourcesBuildPhase;
			buildActionMask = 2147483647;
			files = (
			);
			runOnlyForDeploymentPostprocessing = 0;
		};
/* End PBXResourcesBuildPhase section */

/* Begin PBXShellScriptBuildPhase section */
		0698EE455D0F6049C590B4D3 /* [CP] Copy Pods Resources */ = {
			isa = PBXShellScriptBuildPhase;
			buildActionMask = 2147483647;
			files = (
			);
			inputPaths = (
			);
			name = "[CP] Copy Pods Resources";
			outputPaths = (
			);
			runOnlyForDeploymentPostprocessing = 0;
			shellPath = /bin/sh;
			shellScript = "\"${SRCROOT}/Pods/Target Support Files/Pods-CryptoMonitor/Pods-CryptoMonitor-resources.sh\"\n";
			showEnvVarsInLog = 0;
		};
		0BB4283E7489125E86423D6E /* [CP] Embed Pods Frameworks */ = {
			isa = PBXShellScriptBuildPhase;
			buildActionMask = 2147483647;
			files = (
			);
			inputPaths = (
				"${SRCROOT}/Pods/Target Support Files/Pods-CryptoMonitor/Pods-CryptoMonitor-frameworks.sh",
				"${BUILT_PRODUCTS_DIR}/Alamofire/Alamofire.framework",
				"${BUILT_PRODUCTS_DIR}/Alamofire-SwiftyJSON/Alamofire_SwiftyJSON.framework",
				"${BUILT_PRODUCTS_DIR}/SwiftyJSON/SwiftyJSON.framework",
			);
			name = "[CP] Embed Pods Frameworks";
			outputPaths = (
				"${TARGET_BUILD_DIR}/${FRAMEWORKS_FOLDER_PATH}/Alamofire.framework",
				"${TARGET_BUILD_DIR}/${FRAMEWORKS_FOLDER_PATH}/Alamofire_SwiftyJSON.framework",
				"${TARGET_BUILD_DIR}/${FRAMEWORKS_FOLDER_PATH}/SwiftyJSON.framework",
			);
			runOnlyForDeploymentPostprocessing = 0;
			shellPath = /bin/sh;
			shellScript = "\"${SRCROOT}/Pods/Target Support Files/Pods-CryptoMonitor/Pods-CryptoMonitor-frameworks.sh\"\n";
			showEnvVarsInLog = 0;
		};
		259E7AF4C8ACC1972D2B3F28 /* [CP] Check Pods Manifest.lock */ = {
			isa = PBXShellScriptBuildPhase;
			buildActionMask = 2147483647;
			files = (
			);
			inputPaths = (
				"${PODS_PODFILE_DIR_PATH}/Podfile.lock",
				"${PODS_ROOT}/Manifest.lock",
			);
			name = "[CP] Check Pods Manifest.lock";
			outputPaths = (
				"$(DERIVED_FILE_DIR)/Pods-CryptoMonitor-checkManifestLockResult.txt",
			);
			runOnlyForDeploymentPostprocessing = 0;
			shellPath = /bin/sh;
			shellScript = "diff \"${PODS_PODFILE_DIR_PATH}/Podfile.lock\" \"${PODS_ROOT}/Manifest.lock\" > /dev/null\nif [ $? != 0 ] ; then\n    # print error to STDERR\n    echo \"error: The sandbox is not in sync with the Podfile.lock. Run 'pod install' or update your CocoaPods installation.\" >&2\n    exit 1\nfi\n# This output is used by Xcode 'outputs' to avoid re-running this script phase.\necho \"SUCCESS\" > \"${SCRIPT_OUTPUT_FILE_0}\"\n";
			showEnvVarsInLog = 0;
		};
/* End PBXShellScriptBuildPhase section */

/* Begin PBXSourcesBuildPhase section */
		7CB709341FDFF403009E73F9 /* Sources */ = {
			isa = PBXSourcesBuildPhase;
			buildActionMask = 2147483647;
			files = (
				7C5287551FE14B3F00B885B7 /* NetworkService.swift in Sources */,
				7CB709741FE02238009E73F9 /* MainViewController.swift in Sources */,
				7CB709441FDFF403009E73F9 /* CryptoMonitor.xcdatamodeld in Sources */,
				7C79F7261FE1289F008874D6 /* AboutAppViewController.swift in Sources */,
				7CB7097F1FE02E73009E73F9 /* TopPairsViewController.swift in Sources */,
				7CB7093C1FDFF403009E73F9 /* AppDelegate.swift in Sources */,
				7C5287501FE1413B00B885B7 /* Reachability.swift in Sources */,
				7CB709841FE02EB2009E73F9 /* EquipmentViewController.swift in Sources */,
				7C79F72A1FE12F8F008874D6 /* CoinsListViewController.swift in Sources */,
			);
			runOnlyForDeploymentPostprocessing = 0;
		};
		7CB7094B1FDFF404009E73F9 /* Sources */ = {
			isa = PBXSourcesBuildPhase;
			buildActionMask = 2147483647;
			files = (
				7CB709541FDFF404009E73F9 /* CryptoMonitorTests.swift in Sources */,
			);
			runOnlyForDeploymentPostprocessing = 0;
		};
/* End PBXSourcesBuildPhase section */

/* Begin PBXTargetDependency section */
		7CB709511FDFF404009E73F9 /* PBXTargetDependency */ = {
			isa = PBXTargetDependency;
			target = 7CB709371FDFF403009E73F9 /* CryptoMonitor */;
			targetProxy = 7CB709501FDFF404009E73F9 /* PBXContainerItemProxy */;
		};
/* End PBXTargetDependency section */

/* Begin PBXVariantGroup section */
		7CB709471FDFF403009E73F9 /* LaunchScreen.storyboard */ = {
			isa = PBXVariantGroup;
			children = (
				7CB709481FDFF403009E73F9 /* Base */,
			);
			name = LaunchScreen.storyboard;
			sourceTree = "<group>";
		};
/* End PBXVariantGroup section */

/* Begin XCBuildConfiguration section */
		7CB709561FDFF404009E73F9 /* Debug */ = {
			isa = XCBuildConfiguration;
			buildSettings = {
				ALWAYS_SEARCH_USER_PATHS = NO;
				CLANG_ANALYZER_NONNULL = YES;
				CLANG_ANALYZER_NUMBER_OBJECT_CONVERSION = YES_AGGRESSIVE;
				CLANG_CXX_LANGUAGE_STANDARD = "gnu++14";
				CLANG_CXX_LIBRARY = "libc++";
				CLANG_ENABLE_MODULES = YES;
				CLANG_ENABLE_OBJC_ARC = YES;
				CLANG_WARN_BLOCK_CAPTURE_AUTORELEASING = YES;
				CLANG_WARN_BOOL_CONVERSION = YES;
				CLANG_WARN_COMMA = YES;
				CLANG_WARN_CONSTANT_CONVERSION = YES;
				CLANG_WARN_DIRECT_OBJC_ISA_USAGE = YES_ERROR;
				CLANG_WARN_DOCUMENTATION_COMMENTS = YES;
				CLANG_WARN_EMPTY_BODY = YES;
				CLANG_WARN_ENUM_CONVERSION = YES;
				CLANG_WARN_INFINITE_RECURSION = YES;
				CLANG_WARN_INT_CONVERSION = YES;
				CLANG_WARN_NON_LITERAL_NULL_CONVERSION = YES;
				CLANG_WARN_OBJC_LITERAL_CONVERSION = YES;
				CLANG_WARN_OBJC_ROOT_CLASS = YES_ERROR;
				CLANG_WARN_RANGE_LOOP_ANALYSIS = YES;
				CLANG_WARN_STRICT_PROTOTYPES = YES;
				CLANG_WARN_SUSPICIOUS_MOVE = YES;
				CLANG_WARN_UNGUARDED_AVAILABILITY = YES_AGGRESSIVE;
				CLANG_WARN_UNREACHABLE_CODE = YES;
				CLANG_WARN__DUPLICATE_METHOD_MATCH = YES;
				CODE_SIGN_IDENTITY = "iPhone Developer";
				COPY_PHASE_STRIP = NO;
				DEBUG_INFORMATION_FORMAT = dwarf;
				ENABLE_STRICT_OBJC_MSGSEND = YES;
				ENABLE_TESTABILITY = YES;
				GCC_C_LANGUAGE_STANDARD = gnu11;
				GCC_DYNAMIC_NO_PIC = NO;
				GCC_NO_COMMON_BLOCKS = YES;
				GCC_OPTIMIZATION_LEVEL = 0;
				GCC_PREPROCESSOR_DEFINITIONS = (
					"DEBUG=1",
					"$(inherited)",
				);
				GCC_WARN_64_TO_32_BIT_CONVERSION = YES;
				GCC_WARN_ABOUT_RETURN_TYPE = YES_ERROR;
				GCC_WARN_UNDECLARED_SELECTOR = YES;
				GCC_WARN_UNINITIALIZED_AUTOS = YES_AGGRESSIVE;
				GCC_WARN_UNUSED_FUNCTION = YES;
				GCC_WARN_UNUSED_VARIABLE = YES;
				IPHONEOS_DEPLOYMENT_TARGET = 11.2;
				MTL_ENABLE_DEBUG_INFO = YES;
				ONLY_ACTIVE_ARCH = YES;
				SDKROOT = iphoneos;
				SWIFT_ACTIVE_COMPILATION_CONDITIONS = DEBUG;
				SWIFT_OPTIMIZATION_LEVEL = "-Onone";
			};
			name = Debug;
		};
		7CB709571FDFF404009E73F9 /* Release */ = {
			isa = XCBuildConfiguration;
			buildSettings = {
				ALWAYS_SEARCH_USER_PATHS = NO;
				CLANG_ANALYZER_NONNULL = YES;
				CLANG_ANALYZER_NUMBER_OBJECT_CONVERSION = YES_AGGRESSIVE;
				CLANG_CXX_LANGUAGE_STANDARD = "gnu++14";
				CLANG_CXX_LIBRARY = "libc++";
				CLANG_ENABLE_MODULES = YES;
				CLANG_ENABLE_OBJC_ARC = YES;
				CLANG_WARN_BLOCK_CAPTURE_AUTORELEASING = YES;
				CLANG_WARN_BOOL_CONVERSION = YES;
				CLANG_WARN_COMMA = YES;
				CLANG_WARN_CONSTANT_CONVERSION = YES;
				CLANG_WARN_DIRECT_OBJC_ISA_USAGE = YES_ERROR;
				CLANG_WARN_DOCUMENTATION_COMMENTS = YES;
				CLANG_WARN_EMPTY_BODY = YES;
				CLANG_WARN_ENUM_CONVERSION = YES;
				CLANG_WARN_INFINITE_RECURSION = YES;
				CLANG_WARN_INT_CONVERSION = YES;
				CLANG_WARN_NON_LITERAL_NULL_CONVERSION = YES;
				CLANG_WARN_OBJC_LITERAL_CONVERSION = YES;
				CLANG_WARN_OBJC_ROOT_CLASS = YES_ERROR;
				CLANG_WARN_RANGE_LOOP_ANALYSIS = YES;
				CLANG_WARN_STRICT_PROTOTYPES = YES;
				CLANG_WARN_SUSPICIOUS_MOVE = YES;
				CLANG_WARN_UNGUARDED_AVAILABILITY = YES_AGGRESSIVE;
				CLANG_WARN_UNREACHABLE_CODE = YES;
				CLANG_WARN__DUPLICATE_METHOD_MATCH = YES;
				CODE_SIGN_IDENTITY = "iPhone Developer";
				COPY_PHASE_STRIP = NO;
				DEBUG_INFORMATION_FORMAT = "dwarf-with-dsym";
				ENABLE_NS_ASSERTIONS = NO;
				ENABLE_STRICT_OBJC_MSGSEND = YES;
				GCC_C_LANGUAGE_STANDARD = gnu11;
				GCC_NO_COMMON_BLOCKS = YES;
				GCC_WARN_64_TO_32_BIT_CONVERSION = YES;
				GCC_WARN_ABOUT_RETURN_TYPE = YES_ERROR;
				GCC_WARN_UNDECLARED_SELECTOR = YES;
				GCC_WARN_UNINITIALIZED_AUTOS = YES_AGGRESSIVE;
				GCC_WARN_UNUSED_FUNCTION = YES;
				GCC_WARN_UNUSED_VARIABLE = YES;
				IPHONEOS_DEPLOYMENT_TARGET = 11.2;
				MTL_ENABLE_DEBUG_INFO = NO;
				SDKROOT = iphoneos;
				SWIFT_OPTIMIZATION_LEVEL = "-Owholemodule";
				VALIDATE_PRODUCT = YES;
			};
			name = Release;
		};
		7CB709591FDFF404009E73F9 /* Debug */ = {
			isa = XCBuildConfiguration;
			baseConfigurationReference = C22835E611C33F5B6F4D5D95 /* Pods-CryptoMonitor.debug.xcconfig */;
			buildSettings = {
				ASSETCATALOG_COMPILER_APPICON_NAME = AppIcon;
				CODE_SIGN_STYLE = Automatic;
				DEVELOPMENT_TEAM = MDWBDEPC5G;
				INFOPLIST_FILE = CryptoMonitor/Info.plist;
				LD_RUNPATH_SEARCH_PATHS = "$(inherited) @executable_path/Frameworks";
				PRODUCT_BUNDLE_IDENTIFIER = com.samurai.CryptoMonitor;
				PRODUCT_NAME = "$(TARGET_NAME)";
				SWIFT_VERSION = 4.0;
				TARGETED_DEVICE_FAMILY = "1,2";
			};
			name = Debug;
		};
		7CB7095A1FDFF404009E73F9 /* Release */ = {
			isa = XCBuildConfiguration;
			baseConfigurationReference = 40B998CD5F1FD0C8889DC127 /* Pods-CryptoMonitor.release.xcconfig */;
			buildSettings = {
				ASSETCATALOG_COMPILER_APPICON_NAME = AppIcon;
				CODE_SIGN_STYLE = Automatic;
				DEVELOPMENT_TEAM = MDWBDEPC5G;
				INFOPLIST_FILE = CryptoMonitor/Info.plist;
				LD_RUNPATH_SEARCH_PATHS = "$(inherited) @executable_path/Frameworks";
				PRODUCT_BUNDLE_IDENTIFIER = com.samurai.CryptoMonitor;
				PRODUCT_NAME = "$(TARGET_NAME)";
				SWIFT_VERSION = 4.0;
				TARGETED_DEVICE_FAMILY = "1,2";
			};
			name = Release;
		};
		7CB7095C1FDFF404009E73F9 /* Debug */ = {
			isa = XCBuildConfiguration;
			buildSettings = {
				ALWAYS_EMBED_SWIFT_STANDARD_LIBRARIES = YES;
				BUNDLE_LOADER = "$(TEST_HOST)";
				CODE_SIGN_STYLE = Automatic;
				DEVELOPMENT_TEAM = MDWBDEPC5G;
				INFOPLIST_FILE = CryptoMonitorTests/Info.plist;
				LD_RUNPATH_SEARCH_PATHS = "$(inherited) @executable_path/Frameworks @loader_path/Frameworks";
				PRODUCT_BUNDLE_IDENTIFIER = com.samurai.CryptoMonitorTests;
				PRODUCT_NAME = "$(TARGET_NAME)";
				SWIFT_VERSION = 4.0;
				TARGETED_DEVICE_FAMILY = "1,2";
				TEST_HOST = "$(BUILT_PRODUCTS_DIR)/CryptoMonitor.app/CryptoMonitor";
			};
			name = Debug;
		};
		7CB7095D1FDFF404009E73F9 /* Release */ = {
			isa = XCBuildConfiguration;
			buildSettings = {
				ALWAYS_EMBED_SWIFT_STANDARD_LIBRARIES = YES;
				BUNDLE_LOADER = "$(TEST_HOST)";
				CODE_SIGN_STYLE = Automatic;
				DEVELOPMENT_TEAM = MDWBDEPC5G;
				INFOPLIST_FILE = CryptoMonitorTests/Info.plist;
				LD_RUNPATH_SEARCH_PATHS = "$(inherited) @executable_path/Frameworks @loader_path/Frameworks";
				PRODUCT_BUNDLE_IDENTIFIER = com.samurai.CryptoMonitorTests;
				PRODUCT_NAME = "$(TARGET_NAME)";
				SWIFT_VERSION = 4.0;
				TARGETED_DEVICE_FAMILY = "1,2";
				TEST_HOST = "$(BUILT_PRODUCTS_DIR)/CryptoMonitor.app/CryptoMonitor";
			};
			name = Release;
		};
/* End XCBuildConfiguration section */

/* Begin XCConfigurationList section */
		7CB709331FDFF403009E73F9 /* Build configuration list for PBXProject "CryptoMonitor" */ = {
			isa = XCConfigurationList;
			buildConfigurations = (
				7CB709561FDFF404009E73F9 /* Debug */,
				7CB709571FDFF404009E73F9 /* Release */,
			);
			defaultConfigurationIsVisible = 0;
			defaultConfigurationName = Release;
		};
		7CB709581FDFF404009E73F9 /* Build configuration list for PBXNativeTarget "CryptoMonitor" */ = {
			isa = XCConfigurationList;
			buildConfigurations = (
				7CB709591FDFF404009E73F9 /* Debug */,
				7CB7095A1FDFF404009E73F9 /* Release */,
			);
			defaultConfigurationIsVisible = 0;
			defaultConfigurationName = Release;
		};
		7CB7095B1FDFF404009E73F9 /* Build configuration list for PBXNativeTarget "CryptoMonitorTests" */ = {
			isa = XCConfigurationList;
			buildConfigurations = (
				7CB7095C1FDFF404009E73F9 /* Debug */,
				7CB7095D1FDFF404009E73F9 /* Release */,
			);
			defaultConfigurationIsVisible = 0;
			defaultConfigurationName = Release;
		};
/* End XCConfigurationList section */

/* Begin XCVersionGroup section */
		7CB709421FDFF403009E73F9 /* CryptoMonitor.xcdatamodeld */ = {
			isa = XCVersionGroup;
			children = (
				7CB709431FDFF403009E73F9 /* CryptoMonitor.xcdatamodel */,
			);
			currentVersion = 7CB709431FDFF403009E73F9 /* CryptoMonitor.xcdatamodel */;
			path = CryptoMonitor.xcdatamodeld;
			sourceTree = "<group>";
			versionGroupType = wrapper.xcdatamodel;
		};
/* End XCVersionGroup section */
	};
	rootObject = 7CB709301FDFF403009E73F9 /* Project object */;
}
